
Microsoft Visual Studio Solution File, Format Version 12.00
# Visual Studio 15
VisualStudioVersion = 15.0.28307.271
MinimumVisualStudioVersion = 10.0.40219.1
Project("{9A19103F-16F7-4668-BE54-9A1E7A4F7556}") = "Checkpoint1", "Checkpoint1.csproj", "{3F82722E-E5A1-46A1-958D-23E663B97EF6}"
EndProject
Global
	GlobalSection(SolutionConfigurationPlatforms) = preSolution
		Debug|Any CPU = Debug|Any CPU
		Release|Any CPU = Release|Any CPU
	EndGlobalSection
	GlobalSection(ProjectConfigurationPlatforms) = postSolution
		{3F82722E-E5A1-46A1-958D-23E663B97EF6}.Debug|Any CPU.ActiveCfg = Debug|Any CPU
		{3F82722E-E5A1-46A1-958D-23E663B97EF6}.Debug|Any CPU.Build.0 = Debug|Any CPU
		{3F82722E-E5A1-46A1-958D-23E663B97EF6}.Release|Any CPU.ActiveCfg = Release|Any CPU
		{3F82722E-E5A1-46A1-958D-23E663B97EF6}.Release|Any CPU.Build.0 = Release|Any CPU
	EndGlobalSection
	GlobalSection(SolutionProperties) = preSolution
		HideSolutionNode = FALSE
	EndGlobalSection
	GlobalSection(ExtensibilityGlobals) = postSolution
		SolutionGuid = {F102CB70-70CD-4825-9BD9-C5093EE81C52}
	EndGlobalSection
EndGlobal
